
Microsoft Visual Studio Solution File, Format Version 12.00
# Visual Studio 14
VisualStudioVersion = 14.0.25123.0
MinimumVisualStudioVersion = 10.0.40219.1
Project("{2150E333-8FDC-42A3-9474-1A3956D46DE8}") = "Test", "Test", "{5D2CA858-5B91-4B30-BB27-274BB66F5C42}"
EndProject
Project("{2150E333-8FDC-42A3-9474-1A3956D46DE8}") = "Automatic", "Automatic", "{F63AC733-201C-43F7-9C13-FFB262BAB3AE}"
EndProject
Project("{2150E333-8FDC-42A3-9474-1A3956D46DE8}") = "Integration", "Integration", "{2FAB4C9F-3A59-45C6-9B0C-0A032272BF76}"
EndProject
Project("{2150E333-8FDC-42A3-9474-1A3956D46DE8}") = "Performance", "Performance", "{DA8BB040-62BE-4918-91FB-0EC9778AEBCE}"
EndProject
Project("{2150E333-8FDC-42A3-9474-1A3956D46DE8}") = "Common", "Common", "{756F2449-4066-44EE-B14D-54BA12489034}"
EndProject
Project("{2150E333-8FDC-42A3-9474-1A3956D46DE8}") = "Samples", "Samples", "{87264C94-6FE7-4CCC-B955-A99B3845C8F3}"
EndProject
Project("{8BB2217D-0F2D-49D1-97BC-3654ED321F3B}") = "Bolt.Client", "src\Bolt.Client\Bolt.Client.xproj", "{C3A30859-A8E9-4014-A79B-F0470E3674ED}"
EndProject
Project("{8BB2217D-0F2D-49D1-97BC-3654ED321F3B}") = "Bolt.Core", "src\Bolt.Core\Bolt.Core.xproj", "{A30848D1-3865-4261-B3FA-DC04F5D36E83}"
EndProject
Project("{8BB2217D-0F2D-49D1-97BC-3654ED321F3B}") = "Bolt.Server", "src\Bolt.Server\Bolt.Server.xproj", "{F26434BC-6330-487C-8342-A68EE161AC6F}"
EndProject
Project("{8BB2217D-0F2D-49D1-97BC-3654ED321F3B}") = "Bolt.Tools", "src\Bolt.Tools\Bolt.Tools.xproj", "{87661551-7A65-4DE7-97EE-09B31E790324}"
EndProject
Project("{8BB2217D-0F2D-49D1-97BC-3654ED321F3B}") = "Bolt.Server.IntegrationTest", "test\Integration\Bolt.Server.IntegrationTest\Bolt.Server.IntegrationTest.xproj", "{C84E82EA-1962-4C99-A1DF-B9035A7353DB}"
EndProject
Project("{8BB2217D-0F2D-49D1-97BC-3654ED321F3B}") = "Bolt.Server.IntegrationTest.Core", "test\Integration\Bolt.Server.IntegrationTest.Core\Bolt.Server.IntegrationTest.Core.xproj", "{720FC0CD-A96E-476D-8050-9FF3C6CFEE95}"
EndProject
Project("{8BB2217D-0F2D-49D1-97BC-3654ED321F3B}") = "Bolt.Performance.Server.Wcf", "test\Performance\Bolt.Performance.Server.Wcf\Bolt.Performance.Server.Wcf.xproj", "{9389AF68-3587-480D-AB43-D126918E22C3}"
EndProject
Project("{8BB2217D-0F2D-49D1-97BC-3654ED321F3B}") = "Bolt.Performance.Core", "test\Performance\Bolt.Performance.Core\Bolt.Performance.Core.xproj", "{49FA31CD-0138-495E-B138-E3E06D7CDF03}"
EndProject
Project("{8BB2217D-0F2D-49D1-97BC-3654ED321F3B}") = "Bolt.Performance.Console", "test\Performance\Bolt.Performance.Console\Bolt.Performance.Console.xproj", "{8906CCC8-97F4-4435-89C7-3DC1764E8F17}"
EndProject
Project("{8BB2217D-0F2D-49D1-97BC-3654ED321F3B}") = "Bolt.Performance.Server", "test\Performance\Bolt.Performance.Server\Bolt.Performance.Server.xproj", "{37B403DA-394F-4F25-AC11-7B37EF3FFE0D}"
EndProject
Project("{8BB2217D-0F2D-49D1-97BC-3654ED321F3B}") = "Bolt.Test.Common", "test\Common\Bolt.Test.Common\Bolt.Test.Common.xproj", "{6965CFED-02DA-4B57-ADEA-66C2229C311C}"
EndProject
Project("{8BB2217D-0F2D-49D1-97BC-3654ED321F3B}") = "Bolt.Client.Test", "test\Automatic\Bolt.Client.Test\Bolt.Client.Test.xproj", "{E779B223-D0F5-4F13-88C3-DB5058DA128D}"
EndProject
Project("{8BB2217D-0F2D-49D1-97BC-3654ED321F3B}") = "Bolt.Core.Test", "test\Automatic\Bolt.Core.Test\Bolt.Core.Test.xproj", "{CD79ED4A-8464-4BCF-B0F6-D14B1F505605}"
EndProject
Project("{8BB2217D-0F2D-49D1-97BC-3654ED321F3B}") = "Bolt.Server.Test", "test\Automatic\Bolt.Server.Test\Bolt.Server.Test.xproj", "{1620494C-1D20-4CCE-A87A-B54D4E9EAA83}"
EndProject
Project("{8BB2217D-0F2D-49D1-97BC-3654ED321F3B}") = "Bolt.Sample.ContentProtection", "samples\Bolt.Sample.ContentProtection\Bolt.Sample.ContentProtection.xproj", "{7B585983-DF3E-4594-B06E-9D545FEB53DA}"
EndProject
Project("{8BB2217D-0F2D-49D1-97BC-3654ED321F3B}") = "Bolt.Sample.DistributedSession", "samples\Bolt.Sample.DistributedSession\Bolt.Sample.DistributedSession.xproj", "{2E97D2FE-6C9F-49C8-9196-94D1CD265889}"
EndProject
Project("{8BB2217D-0F2D-49D1-97BC-3654ED321F3B}") = "Bolt.Sample.SimpleProxy", "samples\Bolt.Sample.SimpleProxy\Bolt.Sample.SimpleProxy.xproj", "{F8089028-54BE-40A0-8EFF-65AB546FF60A}"
EndProject
Project("{8BB2217D-0F2D-49D1-97BC-3654ED321F3B}") = "build", "build\build.xproj", "{EC688E45-D3C7-4E16-9CD2-20E6A0A41543}"
EndProject
Global
	GlobalSection(SolutionConfigurationPlatforms) = preSolution
		Debug|Any CPU = Debug|Any CPU
		Release|Any CPU = Release|Any CPU
	EndGlobalSection
	GlobalSection(ProjectConfigurationPlatforms) = postSolution
		{C3A30859-A8E9-4014-A79B-F0470E3674ED}.Debug|Any CPU.ActiveCfg = Debug|Any CPU
		{C3A30859-A8E9-4014-A79B-F0470E3674ED}.Debug|Any CPU.Build.0 = Debug|Any CPU
		{C3A30859-A8E9-4014-A79B-F0470E3674ED}.Release|Any CPU.ActiveCfg = Release|Any CPU
		{C3A30859-A8E9-4014-A79B-F0470E3674ED}.Release|Any CPU.Build.0 = Release|Any CPU
		{A30848D1-3865-4261-B3FA-DC04F5D36E83}.Debug|Any CPU.ActiveCfg = Debug|Any CPU
		{A30848D1-3865-4261-B3FA-DC04F5D36E83}.Debug|Any CPU.Build.0 = Debug|Any CPU
		{A30848D1-3865-4261-B3FA-DC04F5D36E83}.Release|Any CPU.ActiveCfg = Release|Any CPU
		{A30848D1-3865-4261-B3FA-DC04F5D36E83}.Release|Any CPU.Build.0 = Release|Any CPU
		{F26434BC-6330-487C-8342-A68EE161AC6F}.Debug|Any CPU.ActiveCfg = Debug|Any CPU
		{F26434BC-6330-487C-8342-A68EE161AC6F}.Debug|Any CPU.Build.0 = Debug|Any CPU
		{F26434BC-6330-487C-8342-A68EE161AC6F}.Release|Any CPU.ActiveCfg = Release|Any CPU
		{F26434BC-6330-487C-8342-A68EE161AC6F}.Release|Any CPU.Build.0 = Release|Any CPU
		{87661551-7A65-4DE7-97EE-09B31E790324}.Debug|Any CPU.ActiveCfg = Debug|Any CPU
		{87661551-7A65-4DE7-97EE-09B31E790324}.Debug|Any CPU.Build.0 = Debug|Any CPU
		{87661551-7A65-4DE7-97EE-09B31E790324}.Release|Any CPU.ActiveCfg = Release|Any CPU
		{87661551-7A65-4DE7-97EE-09B31E790324}.Release|Any CPU.Build.0 = Release|Any CPU
		{C84E82EA-1962-4C99-A1DF-B9035A7353DB}.Debug|Any CPU.ActiveCfg = Debug|Any CPU
		{C84E82EA-1962-4C99-A1DF-B9035A7353DB}.Debug|Any CPU.Build.0 = Debug|Any CPU
		{C84E82EA-1962-4C99-A1DF-B9035A7353DB}.Release|Any CPU.ActiveCfg = Release|Any CPU
		{C84E82EA-1962-4C99-A1DF-B9035A7353DB}.Release|Any CPU.Build.0 = Release|Any CPU
		{720FC0CD-A96E-476D-8050-9FF3C6CFEE95}.Debug|Any CPU.ActiveCfg = Debug|Any CPU
		{720FC0CD-A96E-476D-8050-9FF3C6CFEE95}.Debug|Any CPU.Build.0 = Debug|Any CPU
		{720FC0CD-A96E-476D-8050-9FF3C6CFEE95}.Release|Any CPU.ActiveCfg = Release|Any CPU
		{720FC0CD-A96E-476D-8050-9FF3C6CFEE95}.Release|Any CPU.Build.0 = Release|Any CPU
		{9389AF68-3587-480D-AB43-D126918E22C3}.Debug|Any CPU.ActiveCfg = Debug|Any CPU
		{9389AF68-3587-480D-AB43-D126918E22C3}.Debug|Any CPU.Build.0 = Debug|Any CPU
		{9389AF68-3587-480D-AB43-D126918E22C3}.Release|Any CPU.ActiveCfg = Release|Any CPU
		{9389AF68-3587-480D-AB43-D126918E22C3}.Release|Any CPU.Build.0 = Release|Any CPU
		{49FA31CD-0138-495E-B138-E3E06D7CDF03}.Debug|Any CPU.ActiveCfg = Debug|Any CPU
		{49FA31CD-0138-495E-B138-E3E06D7CDF03}.Debug|Any CPU.Build.0 = Debug|Any CPU
		{49FA31CD-0138-495E-B138-E3E06D7CDF03}.Release|Any CPU.ActiveCfg = Release|Any CPU
		{49FA31CD-0138-495E-B138-E3E06D7CDF03}.Release|Any CPU.Build.0 = Release|Any CPU
		{8906CCC8-97F4-4435-89C7-3DC1764E8F17}.Debug|Any CPU.ActiveCfg = Debug|Any CPU
		{8906CCC8-97F4-4435-89C7-3DC1764E8F17}.Debug|Any CPU.Build.0 = Debug|Any CPU
		{8906CCC8-97F4-4435-89C7-3DC1764E8F17}.Release|Any CPU.ActiveCfg = Release|Any CPU
		{8906CCC8-97F4-4435-89C7-3DC1764E8F17}.Release|Any CPU.Build.0 = Release|Any CPU
		{37B403DA-394F-4F25-AC11-7B37EF3FFE0D}.Debug|Any CPU.ActiveCfg = Debug|Any CPU
		{37B403DA-394F-4F25-AC11-7B37EF3FFE0D}.Debug|Any CPU.Build.0 = Debug|Any CPU
		{37B403DA-394F-4F25-AC11-7B37EF3FFE0D}.Release|Any CPU.ActiveCfg = Release|Any CPU
		{37B403DA-394F-4F25-AC11-7B37EF3FFE0D}.Release|Any CPU.Build.0 = Release|Any CPU
		{6965CFED-02DA-4B57-ADEA-66C2229C311C}.Debug|Any CPU.ActiveCfg = Debug|Any CPU
		{6965CFED-02DA-4B57-ADEA-66C2229C311C}.Debug|Any CPU.Build.0 = Debug|Any CPU
		{6965CFED-02DA-4B57-ADEA-66C2229C311C}.Release|Any CPU.ActiveCfg = Release|Any CPU
		{6965CFED-02DA-4B57-ADEA-66C2229C311C}.Release|Any CPU.Build.0 = Release|Any CPU
		{E779B223-D0F5-4F13-88C3-DB5058DA128D}.Debug|Any CPU.ActiveCfg = Debug|Any CPU
		{E779B223-D0F5-4F13-88C3-DB5058DA128D}.Debug|Any CPU.Build.0 = Debug|Any CPU
		{E779B223-D0F5-4F13-88C3-DB5058DA128D}.Release|Any CPU.ActiveCfg = Release|Any CPU
		{E779B223-D0F5-4F13-88C3-DB5058DA128D}.Release|Any CPU.Build.0 = Release|Any CPU
		{CD79ED4A-8464-4BCF-B0F6-D14B1F505605}.Debug|Any CPU.ActiveCfg = Debug|Any CPU
		{CD79ED4A-8464-4BCF-B0F6-D14B1F505605}.Debug|Any CPU.Build.0 = Debug|Any CPU
		{CD79ED4A-8464-4BCF-B0F6-D14B1F505605}.Release|Any CPU.ActiveCfg = Release|Any CPU
		{CD79ED4A-8464-4BCF-B0F6-D14B1F505605}.Release|Any CPU.Build.0 = Release|Any CPU
		{1620494C-1D20-4CCE-A87A-B54D4E9EAA83}.Debug|Any CPU.ActiveCfg = Debug|Any CPU
		{1620494C-1D20-4CCE-A87A-B54D4E9EAA83}.Debug|Any CPU.Build.0 = Debug|Any CPU
		{1620494C-1D20-4CCE-A87A-B54D4E9EAA83}.Release|Any CPU.ActiveCfg = Release|Any CPU
		{1620494C-1D20-4CCE-A87A-B54D4E9EAA83}.Release|Any CPU.Build.0 = Release|Any CPU
		{7B585983-DF3E-4594-B06E-9D545FEB53DA}.Debug|Any CPU.ActiveCfg = Debug|Any CPU
		{7B585983-DF3E-4594-B06E-9D545FEB53DA}.Debug|Any CPU.Build.0 = Debug|Any CPU
		{7B585983-DF3E-4594-B06E-9D545FEB53DA}.Release|Any CPU.ActiveCfg = Release|Any CPU
		{7B585983-DF3E-4594-B06E-9D545FEB53DA}.Release|Any CPU.Build.0 = Release|Any CPU
		{2E97D2FE-6C9F-49C8-9196-94D1CD265889}.Debug|Any CPU.ActiveCfg = Debug|Any CPU
		{2E97D2FE-6C9F-49C8-9196-94D1CD265889}.Debug|Any CPU.Build.0 = Debug|Any CPU
		{2E97D2FE-6C9F-49C8-9196-94D1CD265889}.Release|Any CPU.ActiveCfg = Release|Any CPU
		{2E97D2FE-6C9F-49C8-9196-94D1CD265889}.Release|Any CPU.Build.0 = Release|Any CPU
		{F8089028-54BE-40A0-8EFF-65AB546FF60A}.Debug|Any CPU.ActiveCfg = Debug|Any CPU
		{F8089028-54BE-40A0-8EFF-65AB546FF60A}.Debug|Any CPU.Build.0 = Debug|Any CPU
		{F8089028-54BE-40A0-8EFF-65AB546FF60A}.Release|Any CPU.ActiveCfg = Release|Any CPU
		{F8089028-54BE-40A0-8EFF-65AB546FF60A}.Release|Any CPU.Build.0 = Release|Any CPU
		{EC688E45-D3C7-4E16-9CD2-20E6A0A41543}.Debug|Any CPU.ActiveCfg = Debug|Any CPU
		{EC688E45-D3C7-4E16-9CD2-20E6A0A41543}.Debug|Any CPU.Build.0 = Debug|Any CPU
		{EC688E45-D3C7-4E16-9CD2-20E6A0A41543}.Release|Any CPU.ActiveCfg = Release|Any CPU
		{EC688E45-D3C7-4E16-9CD2-20E6A0A41543}.Release|Any CPU.Build.0 = Release|Any CPU
	EndGlobalSection
	GlobalSection(SolutionProperties) = preSolution
		HideSolutionNode = FALSE
	EndGlobalSection
	GlobalSection(NestedProjects) = preSolution
		{F63AC733-201C-43F7-9C13-FFB262BAB3AE} = {5D2CA858-5B91-4B30-BB27-274BB66F5C42}
		{2FAB4C9F-3A59-45C6-9B0C-0A032272BF76} = {5D2CA858-5B91-4B30-BB27-274BB66F5C42}
		{DA8BB040-62BE-4918-91FB-0EC9778AEBCE} = {5D2CA858-5B91-4B30-BB27-274BB66F5C42}
		{756F2449-4066-44EE-B14D-54BA12489034} = {5D2CA858-5B91-4B30-BB27-274BB66F5C42}
		{C84E82EA-1962-4C99-A1DF-B9035A7353DB} = {2FAB4C9F-3A59-45C6-9B0C-0A032272BF76}
		{720FC0CD-A96E-476D-8050-9FF3C6CFEE95} = {2FAB4C9F-3A59-45C6-9B0C-0A032272BF76}
		{9389AF68-3587-480D-AB43-D126918E22C3} = {DA8BB040-62BE-4918-91FB-0EC9778AEBCE}
		{49FA31CD-0138-495E-B138-E3E06D7CDF03} = {DA8BB040-62BE-4918-91FB-0EC9778AEBCE}
		{8906CCC8-97F4-4435-89C7-3DC1764E8F17} = {DA8BB040-62BE-4918-91FB-0EC9778AEBCE}
		{37B403DA-394F-4F25-AC11-7B37EF3FFE0D} = {DA8BB040-62BE-4918-91FB-0EC9778AEBCE}
		{6965CFED-02DA-4B57-ADEA-66C2229C311C} = {756F2449-4066-44EE-B14D-54BA12489034}
		{E779B223-D0F5-4F13-88C3-DB5058DA128D} = {F63AC733-201C-43F7-9C13-FFB262BAB3AE}
		{CD79ED4A-8464-4BCF-B0F6-D14B1F505605} = {F63AC733-201C-43F7-9C13-FFB262BAB3AE}
		{1620494C-1D20-4CCE-A87A-B54D4E9EAA83} = {F63AC733-201C-43F7-9C13-FFB262BAB3AE}
		{7B585983-DF3E-4594-B06E-9D545FEB53DA} = {87264C94-6FE7-4CCC-B955-A99B3845C8F3}
		{2E97D2FE-6C9F-49C8-9196-94D1CD265889} = {87264C94-6FE7-4CCC-B955-A99B3845C8F3}
		{F8089028-54BE-40A0-8EFF-65AB546FF60A} = {87264C94-6FE7-4CCC-B955-A99B3845C8F3}
	EndGlobalSection
EndGlobal
