
Microsoft Visual Studio Solution File, Format Version 12.00
# Visual Studio 2013
VisualStudioVersion = 12.0.31101.0
MinimumVisualStudioVersion = 10.0.40219.1
Project("{FAE04EC0-301F-11D3-BF4B-00C04F79EFBC}") = "Bolt.Client", "src\Bolt.Client\Bolt.Client.csproj", "{65A1F42F-DE09-415A-8A68-65E017FE63A8}"
EndProject
Project("{FAE04EC0-301F-11D3-BF4B-00C04F79EFBC}") = "Bolt.Core", "src\Bolt.Core\Bolt.Core.csproj", "{6D1F7D95-3346-4308-8B6F-2B5AAB0D022F}"
EndProject
Project("{FAE04EC0-301F-11D3-BF4B-00C04F79EFBC}") = "Bolt.Generators", "src\Bolt.Generators\Bolt.Generators.csproj", "{984C96C8-C777-4361-A270-C716103D9C93}"
EndProject
Project("{FAE04EC0-301F-11D3-BF4B-00C04F79EFBC}") = "Bolt.Server", "src\Bolt.Server\Bolt.Server.csproj", "{C8D9762E-4B32-4711-BF3C-EB4EA485743F}"
EndProject
Project("{2150E333-8FDC-42A3-9474-1A3956D46DE8}") = "Test", "Test", "{B07FC614-1007-49C6-A695-3636E759C4E0}"
EndProject
Project("{2150E333-8FDC-42A3-9474-1A3956D46DE8}") = "Service", "Service", "{73BA0D58-DF35-4193-BD7C-ECB25AB76125}"
EndProject
Project("{FAE04EC0-301F-11D3-BF4B-00C04F79EFBC}") = "TestService.Client", "test\Service\TestService.Client\TestService.Client.csproj", "{6949E8AE-46CF-433E-88EB-19AF408E0207}"
EndProject
Project("{FAE04EC0-301F-11D3-BF4B-00C04F79EFBC}") = "TestService.Core", "test\Service\TestService.Core\TestService.Core.csproj", "{9975CC72-8C2F-4515-B93D-A6A58324087C}"
EndProject
Project("{FAE04EC0-301F-11D3-BF4B-00C04F79EFBC}") = "TestService.IIS.Bolt", "test\Service\TestService.IIS.Bolt\TestService.IIS.Bolt.csproj", "{65B4705C-FD22-4EAC-99C0-F1F61A479E3D}"
EndProject
Project("{FAE04EC0-301F-11D3-BF4B-00C04F79EFBC}") = "TestService.IIS.Wcf", "test\Service\TestService.IIS.Wcf\TestService.IIS.Wcf.csproj", "{CBEB1495-6B25-457D-ACFA-89A1C035CA87}"
EndProject
Project("{FAE04EC0-301F-11D3-BF4B-00C04F79EFBC}") = "TestService.Server.Bolt", "test\Service\TestService.Server\TestService.Server.Bolt.csproj", "{018058F0-31E9-4C23-A9D9-A338E6EB177B}"
EndProject
Project("{FAE04EC0-301F-11D3-BF4B-00C04F79EFBC}") = "TestService.Server.Wcf", "test\Service\TestService.Server.Wcf\TestService.Server.Wcf.csproj", "{D1C82C58-B3A4-4C18-BDCB-6E1B82D99226}"
EndProject
Project("{FAE04EC0-301F-11D3-BF4B-00C04F79EFBC}") = "Sandbox", "test\Sandbox\Sandbox.csproj", "{66F0E194-5E50-475A-A899-FF0B5CC99A85}"
EndProject
Project("{2150E333-8FDC-42A3-9474-1A3956D46DE8}") = "Automatic", "Automatic", "{6F98FB6A-AE1A-441C-9602-FEDFBD1700AE}"
EndProject
Project("{FAE04EC0-301F-11D3-BF4B-00C04F79EFBC}") = "Bolt.Service.Test", "test\Automatic\Bolt.Service.Test\Bolt.Service.Test.csproj", "{D2ABC4C7-5262-438B-ABFC-FA54556374B6}"
EndProject
Project("{FAE04EC0-301F-11D3-BF4B-00C04F79EFBC}") = "Bolt.Service.Test.Core", "test\Automatic\Bolt.Service.Test.Core\Bolt.Service.Test.Core.csproj", "{BEB79086-B231-479B-8E88-C5A6CF4802BB}"
EndProject
Project("{FAE04EC0-301F-11D3-BF4B-00C04F79EFBC}") = "Bolt.Core.Serialization", "src\Bolt.Core.Serialization\Bolt.Core.Serialization.csproj", "{B0B083FD-A0A9-4709-8E14-5892B6F41846}"
EndProject
Project("{FAE04EC0-301F-11D3-BF4B-00C04F79EFBC}") = "Bolt.Console", "src\Bolt.Console\Bolt.Console.csproj", "{7E15C5A0-A53E-4971-88A4-1884F095AD23}"
EndProject
Project("{2150E333-8FDC-42A3-9474-1A3956D46DE8}") = "Console", "Console", "{63CA6505-41BB-4170-A822-20275386B8BD}"
EndProject
Project("{FAE04EC0-301F-11D3-BF4B-00C04F79EFBC}") = "Bolt.Console.Test.Contracts", "test\Console\Bolt.Console.Test.Contracts\Bolt.Console.Test.Contracts.csproj", "{365A8974-3DD9-4F32-B23E-2FEAE6B14015}"
EndProject
Global
	GlobalSection(SolutionConfigurationPlatforms) = preSolution
		Debug|Any CPU = Debug|Any CPU
		Release|Any CPU = Release|Any CPU
	EndGlobalSection
	GlobalSection(ProjectConfigurationPlatforms) = postSolution
		{65A1F42F-DE09-415A-8A68-65E017FE63A8}.Debug|Any CPU.ActiveCfg = Debug|Any CPU
		{65A1F42F-DE09-415A-8A68-65E017FE63A8}.Debug|Any CPU.Build.0 = Debug|Any CPU
		{65A1F42F-DE09-415A-8A68-65E017FE63A8}.Release|Any CPU.ActiveCfg = Release|Any CPU
		{65A1F42F-DE09-415A-8A68-65E017FE63A8}.Release|Any CPU.Build.0 = Release|Any CPU
		{6D1F7D95-3346-4308-8B6F-2B5AAB0D022F}.Debug|Any CPU.ActiveCfg = Debug|Any CPU
		{6D1F7D95-3346-4308-8B6F-2B5AAB0D022F}.Debug|Any CPU.Build.0 = Debug|Any CPU
		{6D1F7D95-3346-4308-8B6F-2B5AAB0D022F}.Release|Any CPU.ActiveCfg = Release|Any CPU
		{6D1F7D95-3346-4308-8B6F-2B5AAB0D022F}.Release|Any CPU.Build.0 = Release|Any CPU
		{984C96C8-C777-4361-A270-C716103D9C93}.Debug|Any CPU.ActiveCfg = Debug|Any CPU
		{984C96C8-C777-4361-A270-C716103D9C93}.Debug|Any CPU.Build.0 = Debug|Any CPU
		{984C96C8-C777-4361-A270-C716103D9C93}.Release|Any CPU.ActiveCfg = Release|Any CPU
		{984C96C8-C777-4361-A270-C716103D9C93}.Release|Any CPU.Build.0 = Release|Any CPU
		{C8D9762E-4B32-4711-BF3C-EB4EA485743F}.Debug|Any CPU.ActiveCfg = Debug|Any CPU
		{C8D9762E-4B32-4711-BF3C-EB4EA485743F}.Debug|Any CPU.Build.0 = Debug|Any CPU
		{C8D9762E-4B32-4711-BF3C-EB4EA485743F}.Release|Any CPU.ActiveCfg = Release|Any CPU
		{C8D9762E-4B32-4711-BF3C-EB4EA485743F}.Release|Any CPU.Build.0 = Release|Any CPU
		{6949E8AE-46CF-433E-88EB-19AF408E0207}.Debug|Any CPU.ActiveCfg = Debug|Any CPU
		{6949E8AE-46CF-433E-88EB-19AF408E0207}.Debug|Any CPU.Build.0 = Debug|Any CPU
		{6949E8AE-46CF-433E-88EB-19AF408E0207}.Release|Any CPU.ActiveCfg = Release|Any CPU
		{6949E8AE-46CF-433E-88EB-19AF408E0207}.Release|Any CPU.Build.0 = Release|Any CPU
		{9975CC72-8C2F-4515-B93D-A6A58324087C}.Debug|Any CPU.ActiveCfg = Debug|Any CPU
		{9975CC72-8C2F-4515-B93D-A6A58324087C}.Debug|Any CPU.Build.0 = Debug|Any CPU
		{9975CC72-8C2F-4515-B93D-A6A58324087C}.Release|Any CPU.ActiveCfg = Release|Any CPU
		{9975CC72-8C2F-4515-B93D-A6A58324087C}.Release|Any CPU.Build.0 = Release|Any CPU
		{65B4705C-FD22-4EAC-99C0-F1F61A479E3D}.Debug|Any CPU.ActiveCfg = Debug|Any CPU
		{65B4705C-FD22-4EAC-99C0-F1F61A479E3D}.Debug|Any CPU.Build.0 = Debug|Any CPU
		{65B4705C-FD22-4EAC-99C0-F1F61A479E3D}.Release|Any CPU.ActiveCfg = Release|Any CPU
		{65B4705C-FD22-4EAC-99C0-F1F61A479E3D}.Release|Any CPU.Build.0 = Release|Any CPU
		{CBEB1495-6B25-457D-ACFA-89A1C035CA87}.Debug|Any CPU.ActiveCfg = Debug|Any CPU
		{CBEB1495-6B25-457D-ACFA-89A1C035CA87}.Debug|Any CPU.Build.0 = Debug|Any CPU
		{CBEB1495-6B25-457D-ACFA-89A1C035CA87}.Release|Any CPU.ActiveCfg = Release|Any CPU
		{CBEB1495-6B25-457D-ACFA-89A1C035CA87}.Release|Any CPU.Build.0 = Release|Any CPU
		{018058F0-31E9-4C23-A9D9-A338E6EB177B}.Debug|Any CPU.ActiveCfg = Debug|Any CPU
		{018058F0-31E9-4C23-A9D9-A338E6EB177B}.Debug|Any CPU.Build.0 = Debug|Any CPU
		{018058F0-31E9-4C23-A9D9-A338E6EB177B}.Release|Any CPU.ActiveCfg = Release|Any CPU
		{018058F0-31E9-4C23-A9D9-A338E6EB177B}.Release|Any CPU.Build.0 = Release|Any CPU
		{D1C82C58-B3A4-4C18-BDCB-6E1B82D99226}.Debug|Any CPU.ActiveCfg = Debug|Any CPU
		{D1C82C58-B3A4-4C18-BDCB-6E1B82D99226}.Debug|Any CPU.Build.0 = Debug|Any CPU
		{D1C82C58-B3A4-4C18-BDCB-6E1B82D99226}.Release|Any CPU.ActiveCfg = Release|Any CPU
		{D1C82C58-B3A4-4C18-BDCB-6E1B82D99226}.Release|Any CPU.Build.0 = Release|Any CPU
		{66F0E194-5E50-475A-A899-FF0B5CC99A85}.Debug|Any CPU.ActiveCfg = Debug|Any CPU
		{66F0E194-5E50-475A-A899-FF0B5CC99A85}.Debug|Any CPU.Build.0 = Debug|Any CPU
		{66F0E194-5E50-475A-A899-FF0B5CC99A85}.Release|Any CPU.ActiveCfg = Release|Any CPU
		{66F0E194-5E50-475A-A899-FF0B5CC99A85}.Release|Any CPU.Build.0 = Release|Any CPU
		{D2ABC4C7-5262-438B-ABFC-FA54556374B6}.Debug|Any CPU.ActiveCfg = Debug|Any CPU
		{D2ABC4C7-5262-438B-ABFC-FA54556374B6}.Debug|Any CPU.Build.0 = Debug|Any CPU
		{D2ABC4C7-5262-438B-ABFC-FA54556374B6}.Release|Any CPU.ActiveCfg = Release|Any CPU
		{D2ABC4C7-5262-438B-ABFC-FA54556374B6}.Release|Any CPU.Build.0 = Release|Any CPU
		{BEB79086-B231-479B-8E88-C5A6CF4802BB}.Debug|Any CPU.ActiveCfg = Debug|Any CPU
		{BEB79086-B231-479B-8E88-C5A6CF4802BB}.Debug|Any CPU.Build.0 = Debug|Any CPU
		{BEB79086-B231-479B-8E88-C5A6CF4802BB}.Release|Any CPU.ActiveCfg = Release|Any CPU
		{BEB79086-B231-479B-8E88-C5A6CF4802BB}.Release|Any CPU.Build.0 = Release|Any CPU
		{B0B083FD-A0A9-4709-8E14-5892B6F41846}.Debug|Any CPU.ActiveCfg = Debug|Any CPU
		{B0B083FD-A0A9-4709-8E14-5892B6F41846}.Debug|Any CPU.Build.0 = Debug|Any CPU
		{B0B083FD-A0A9-4709-8E14-5892B6F41846}.Release|Any CPU.ActiveCfg = Release|Any CPU
		{B0B083FD-A0A9-4709-8E14-5892B6F41846}.Release|Any CPU.Build.0 = Release|Any CPU
		{7E15C5A0-A53E-4971-88A4-1884F095AD23}.Debug|Any CPU.ActiveCfg = Debug|Any CPU
		{7E15C5A0-A53E-4971-88A4-1884F095AD23}.Debug|Any CPU.Build.0 = Debug|Any CPU
		{7E15C5A0-A53E-4971-88A4-1884F095AD23}.Release|Any CPU.ActiveCfg = Release|Any CPU
		{7E15C5A0-A53E-4971-88A4-1884F095AD23}.Release|Any CPU.Build.0 = Release|Any CPU
		{365A8974-3DD9-4F32-B23E-2FEAE6B14015}.Debug|Any CPU.ActiveCfg = Debug|Any CPU
		{365A8974-3DD9-4F32-B23E-2FEAE6B14015}.Debug|Any CPU.Build.0 = Debug|Any CPU
		{365A8974-3DD9-4F32-B23E-2FEAE6B14015}.Release|Any CPU.ActiveCfg = Release|Any CPU
		{365A8974-3DD9-4F32-B23E-2FEAE6B14015}.Release|Any CPU.Build.0 = Release|Any CPU
	EndGlobalSection
	GlobalSection(SolutionProperties) = preSolution
		HideSolutionNode = FALSE
	EndGlobalSection
	GlobalSection(NestedProjects) = preSolution
		{73BA0D58-DF35-4193-BD7C-ECB25AB76125} = {B07FC614-1007-49C6-A695-3636E759C4E0}
		{6949E8AE-46CF-433E-88EB-19AF408E0207} = {73BA0D58-DF35-4193-BD7C-ECB25AB76125}
		{9975CC72-8C2F-4515-B93D-A6A58324087C} = {73BA0D58-DF35-4193-BD7C-ECB25AB76125}
		{65B4705C-FD22-4EAC-99C0-F1F61A479E3D} = {73BA0D58-DF35-4193-BD7C-ECB25AB76125}
		{CBEB1495-6B25-457D-ACFA-89A1C035CA87} = {73BA0D58-DF35-4193-BD7C-ECB25AB76125}
		{018058F0-31E9-4C23-A9D9-A338E6EB177B} = {73BA0D58-DF35-4193-BD7C-ECB25AB76125}
		{D1C82C58-B3A4-4C18-BDCB-6E1B82D99226} = {73BA0D58-DF35-4193-BD7C-ECB25AB76125}
		{66F0E194-5E50-475A-A899-FF0B5CC99A85} = {B07FC614-1007-49C6-A695-3636E759C4E0}
		{6F98FB6A-AE1A-441C-9602-FEDFBD1700AE} = {B07FC614-1007-49C6-A695-3636E759C4E0}
		{D2ABC4C7-5262-438B-ABFC-FA54556374B6} = {6F98FB6A-AE1A-441C-9602-FEDFBD1700AE}
		{BEB79086-B231-479B-8E88-C5A6CF4802BB} = {6F98FB6A-AE1A-441C-9602-FEDFBD1700AE}
		{63CA6505-41BB-4170-A822-20275386B8BD} = {B07FC614-1007-49C6-A695-3636E759C4E0}
		{365A8974-3DD9-4F32-B23E-2FEAE6B14015} = {63CA6505-41BB-4170-A822-20275386B8BD}
	EndGlobalSection
EndGlobal
