
Microsoft Visual Studio Solution File, Format Version 12.00
# Visual Studio 14
VisualStudioVersion = 14.0.22609.0
MinimumVisualStudioVersion = 10.0.40219.1
Project("{8BB2217D-0F2D-49D1-97BC-3654ED321F3B}") = "Bolt.Core", "src\Bolt.Core\Bolt.Core.kproj", "{DB896F78-D894-4F17-9805-D9909636C52A}"
EndProject
Project("{8BB2217D-0F2D-49D1-97BC-3654ED321F3B}") = "Bolt.Server", "src\Bolt.Server\Bolt.Server.kproj", "{64C23F4E-4410-49BC-A209-8D28A22A7E68}"
EndProject
Project("{8BB2217D-0F2D-49D1-97BC-3654ED321F3B}") = "Bolt.Client", "src\Bolt.Client\Bolt.Client.kproj", "{4CB65791-1B77-4897-9899-7B3A54AAED10}"
EndProject
Project("{8BB2217D-0F2D-49D1-97BC-3654ED321F3B}") = "Bolt.Generators", "src\Bolt.Generators\Bolt.Generators.kproj", "{63FC65FF-FC17-40F7-A83B-04D240A0E934}"
EndProject
Project("{8BB2217D-0F2D-49D1-97BC-3654ED321F3B}") = "Bolt.Console", "src\Bolt.Console\Bolt.Console.kproj", "{114628A3-3C96-44A1-8604-7C7341751C79}"
EndProject
Project("{8BB2217D-0F2D-49D1-97BC-3654ED321F3B}") = "Bolt.Common", "src\Bolt.Common\Bolt.Common.kproj", "{2C3CE2D5-15F2-4819-B5BC-2574BCD04C95}"
EndProject
Project("{8BB2217D-0F2D-49D1-97BC-3654ED321F3B}") = "TestService.Server.Bolt", "test\Service\TestService.Server.Bolt\TestService.Server.Bolt.kproj", "{1E541977-3F26-4159-9C4E-67DD88BAF2C9}"
EndProject
Project("{2150E333-8FDC-42A3-9474-1A3956D46DE8}") = "service", "service", "{9FDE6EDF-148A-44B4-9E0D-DFAA864D4906}"
EndProject
Project("{8BB2217D-0F2D-49D1-97BC-3654ED321F3B}") = "TestService.Client", "test\Service\TestService.Client.Bolt\TestService.Client.kproj", "{92A516C3-A78C-4E2B-A6E1-18C73BC95AD1}"
EndProject
Project("{FAE04EC0-301F-11D3-BF4B-00C04F79EFBC}") = "TestService.Core", "test\Service\TestService.Core\TestService.Core.csproj", "{9975CC72-8C2F-4515-B93D-A6A58324087C}"
EndProject
Project("{FAE04EC0-301F-11D3-BF4B-00C04F79EFBC}") = "TestService.Server.Wcf", "test\Service\TestService.Server.Wcf\TestService.Server.Wcf.csproj", "{D1C82C58-B3A4-4C18-BDCB-6E1B82D99226}"
EndProject
Project("{8BB2217D-0F2D-49D1-97BC-3654ED321F3B}") = "Bolt.Server.Metadata.Code", "src\Bolt.Server.Metadata.Code\Bolt.Server.Metadata.Code.kproj", "{FE078C9C-E91E-483B-89BF-0E5247652289}"
EndProject
Project("{8BB2217D-0F2D-49D1-97BC-3654ED321F3B}") = "Bolt.Common.Conversion", "src\Bolt.Common.Conversion\Bolt.Common.Conversion.kproj", "{C675A0AD-1DB6-4685-8D94-946DE1F4A108}"
EndProject
Global
	GlobalSection(SolutionConfigurationPlatforms) = preSolution
		Debug|Any CPU = Debug|Any CPU
		Release|Any CPU = Release|Any CPU
	EndGlobalSection
	GlobalSection(ProjectConfigurationPlatforms) = postSolution
		{DB896F78-D894-4F17-9805-D9909636C52A}.Debug|Any CPU.ActiveCfg = Debug|Any CPU
		{DB896F78-D894-4F17-9805-D9909636C52A}.Debug|Any CPU.Build.0 = Debug|Any CPU
		{DB896F78-D894-4F17-9805-D9909636C52A}.Release|Any CPU.ActiveCfg = Release|Any CPU
		{DB896F78-D894-4F17-9805-D9909636C52A}.Release|Any CPU.Build.0 = Release|Any CPU
		{64C23F4E-4410-49BC-A209-8D28A22A7E68}.Debug|Any CPU.ActiveCfg = Debug|Any CPU
		{64C23F4E-4410-49BC-A209-8D28A22A7E68}.Debug|Any CPU.Build.0 = Debug|Any CPU
		{64C23F4E-4410-49BC-A209-8D28A22A7E68}.Release|Any CPU.ActiveCfg = Release|Any CPU
		{64C23F4E-4410-49BC-A209-8D28A22A7E68}.Release|Any CPU.Build.0 = Release|Any CPU
		{4CB65791-1B77-4897-9899-7B3A54AAED10}.Debug|Any CPU.ActiveCfg = Debug|Any CPU
		{4CB65791-1B77-4897-9899-7B3A54AAED10}.Debug|Any CPU.Build.0 = Debug|Any CPU
		{4CB65791-1B77-4897-9899-7B3A54AAED10}.Release|Any CPU.ActiveCfg = Release|Any CPU
		{4CB65791-1B77-4897-9899-7B3A54AAED10}.Release|Any CPU.Build.0 = Release|Any CPU
		{63FC65FF-FC17-40F7-A83B-04D240A0E934}.Debug|Any CPU.ActiveCfg = Debug|Any CPU
		{63FC65FF-FC17-40F7-A83B-04D240A0E934}.Debug|Any CPU.Build.0 = Debug|Any CPU
		{63FC65FF-FC17-40F7-A83B-04D240A0E934}.Release|Any CPU.ActiveCfg = Release|Any CPU
		{63FC65FF-FC17-40F7-A83B-04D240A0E934}.Release|Any CPU.Build.0 = Release|Any CPU
		{114628A3-3C96-44A1-8604-7C7341751C79}.Debug|Any CPU.ActiveCfg = Debug|Any CPU
		{114628A3-3C96-44A1-8604-7C7341751C79}.Debug|Any CPU.Build.0 = Debug|Any CPU
		{114628A3-3C96-44A1-8604-7C7341751C79}.Release|Any CPU.ActiveCfg = Release|Any CPU
		{114628A3-3C96-44A1-8604-7C7341751C79}.Release|Any CPU.Build.0 = Release|Any CPU
		{2C3CE2D5-15F2-4819-B5BC-2574BCD04C95}.Debug|Any CPU.ActiveCfg = Debug|Any CPU
		{2C3CE2D5-15F2-4819-B5BC-2574BCD04C95}.Debug|Any CPU.Build.0 = Debug|Any CPU
		{2C3CE2D5-15F2-4819-B5BC-2574BCD04C95}.Release|Any CPU.ActiveCfg = Release|Any CPU
		{2C3CE2D5-15F2-4819-B5BC-2574BCD04C95}.Release|Any CPU.Build.0 = Release|Any CPU
		{1E541977-3F26-4159-9C4E-67DD88BAF2C9}.Debug|Any CPU.ActiveCfg = Debug|Any CPU
		{1E541977-3F26-4159-9C4E-67DD88BAF2C9}.Debug|Any CPU.Build.0 = Debug|Any CPU
		{1E541977-3F26-4159-9C4E-67DD88BAF2C9}.Release|Any CPU.ActiveCfg = Release|Any CPU
		{1E541977-3F26-4159-9C4E-67DD88BAF2C9}.Release|Any CPU.Build.0 = Release|Any CPU
		{92A516C3-A78C-4E2B-A6E1-18C73BC95AD1}.Debug|Any CPU.ActiveCfg = Debug|Any CPU
		{92A516C3-A78C-4E2B-A6E1-18C73BC95AD1}.Debug|Any CPU.Build.0 = Debug|Any CPU
		{92A516C3-A78C-4E2B-A6E1-18C73BC95AD1}.Release|Any CPU.ActiveCfg = Release|Any CPU
		{92A516C3-A78C-4E2B-A6E1-18C73BC95AD1}.Release|Any CPU.Build.0 = Release|Any CPU
		{9975CC72-8C2F-4515-B93D-A6A58324087C}.Debug|Any CPU.ActiveCfg = Debug|Any CPU
		{9975CC72-8C2F-4515-B93D-A6A58324087C}.Debug|Any CPU.Build.0 = Debug|Any CPU
		{9975CC72-8C2F-4515-B93D-A6A58324087C}.Release|Any CPU.ActiveCfg = Release|Any CPU
		{9975CC72-8C2F-4515-B93D-A6A58324087C}.Release|Any CPU.Build.0 = Release|Any CPU
		{D1C82C58-B3A4-4C18-BDCB-6E1B82D99226}.Debug|Any CPU.ActiveCfg = Debug|Any CPU
		{D1C82C58-B3A4-4C18-BDCB-6E1B82D99226}.Debug|Any CPU.Build.0 = Debug|Any CPU
		{D1C82C58-B3A4-4C18-BDCB-6E1B82D99226}.Release|Any CPU.ActiveCfg = Release|Any CPU
		{D1C82C58-B3A4-4C18-BDCB-6E1B82D99226}.Release|Any CPU.Build.0 = Release|Any CPU
		{FE078C9C-E91E-483B-89BF-0E5247652289}.Debug|Any CPU.ActiveCfg = Debug|Any CPU
		{FE078C9C-E91E-483B-89BF-0E5247652289}.Debug|Any CPU.Build.0 = Debug|Any CPU
		{FE078C9C-E91E-483B-89BF-0E5247652289}.Release|Any CPU.ActiveCfg = Release|Any CPU
		{FE078C9C-E91E-483B-89BF-0E5247652289}.Release|Any CPU.Build.0 = Release|Any CPU
		{C675A0AD-1DB6-4685-8D94-946DE1F4A108}.Debug|Any CPU.ActiveCfg = Debug|Any CPU
		{C675A0AD-1DB6-4685-8D94-946DE1F4A108}.Debug|Any CPU.Build.0 = Debug|Any CPU
		{C675A0AD-1DB6-4685-8D94-946DE1F4A108}.Release|Any CPU.ActiveCfg = Release|Any CPU
		{C675A0AD-1DB6-4685-8D94-946DE1F4A108}.Release|Any CPU.Build.0 = Release|Any CPU
	EndGlobalSection
	GlobalSection(SolutionProperties) = preSolution
		HideSolutionNode = FALSE
	EndGlobalSection
	GlobalSection(NestedProjects) = preSolution
		{1E541977-3F26-4159-9C4E-67DD88BAF2C9} = {9FDE6EDF-148A-44B4-9E0D-DFAA864D4906}
		{92A516C3-A78C-4E2B-A6E1-18C73BC95AD1} = {9FDE6EDF-148A-44B4-9E0D-DFAA864D4906}
		{9975CC72-8C2F-4515-B93D-A6A58324087C} = {9FDE6EDF-148A-44B4-9E0D-DFAA864D4906}
		{D1C82C58-B3A4-4C18-BDCB-6E1B82D99226} = {9FDE6EDF-148A-44B4-9E0D-DFAA864D4906}
	EndGlobalSection
EndGlobal
